
Microsoft Visual Studio Solution File, Format Version 12.00
# Visual Studio Version 17
VisualStudioVersion = 17.9.34607.119
MinimumVisualStudioVersion = 10.0.40219.1
Project("{FAE04EC0-301F-11D3-BF4B-00C04F79EFBC}") = "TaskManagementSystemAPI", "TaskManagementSystemAPI\TaskManagementSystemAPI.csproj", "{88C97F51-4F7F-4BFA-B671-D77C165659FB}"
EndProject
Global
	GlobalSection(SolutionConfigurationPlatforms) = preSolution
		Debug|Any CPU = Debug|Any CPU
		Release|Any CPU = Release|Any CPU
	EndGlobalSection
	GlobalSection(ProjectConfigurationPlatforms) = postSolution
		{88C97F51-4F7F-4BFA-B671-D77C165659FB}.Debug|Any CPU.ActiveCfg = Debug|Any CPU
		{88C97F51-4F7F-4BFA-B671-D77C165659FB}.Debug|Any CPU.Build.0 = Debug|Any CPU
		{88C97F51-4F7F-4BFA-B671-D77C165659FB}.Release|Any CPU.ActiveCfg = Release|Any CPU
		{88C97F51-4F7F-4BFA-B671-D77C165659FB}.Release|Any CPU.Build.0 = Release|Any CPU
	EndGlobalSection
	GlobalSection(SolutionProperties) = preSolution
		HideSolutionNode = FALSE
	EndGlobalSection
	GlobalSection(ExtensibilityGlobals) = postSolution
		SolutionGuid = {431EBE23-5BA1-4014-9AD9-5415BCDFEB73}
	EndGlobalSection
EndGlobal
